
Microsoft Visual Studio Solution File, Format Version 12.00
# Visual Studio 14
VisualStudioVersion = 14.0.25420.1
MinimumVisualStudioVersion = 10.0.40219.1
Project("{FAE04EC0-301F-11D3-BF4B-00C04F79EFBC}") = "GrooveApiSamples", "GrooveApiSamples.csproj", "{09965119-38F6-4441-A473-B86246B57719}"
EndProject
Project("{2150E333-8FDC-42A3-9474-1A3956D46DE8}") = "Solution Items", "Solution Items", "{A5658462-64F2-4091-ACC0-3E202653A304}"
	ProjectSection(SolutionItems) = preProject
		.gitignore = .gitignore
	EndProjectSection
EndProject
Project("{FAE04EC0-301F-11D3-BF4B-00C04F79EFBC}") = "GrooveApiDataContract", "GrooveApiDataContract\GrooveApiDataContract.csproj", "{5850FDBC-1778-4107-A7DF-C3E331E4BA6E}"
EndProject
Project("{FAE04EC0-301F-11D3-BF4B-00C04F79EFBC}") = "GrooveApiClient", "GrooveApiClient\GrooveApiClient.csproj", "{EFC538C3-4EF6-43B4-B49A-152E35563BDA}"
EndProject
Global
	GlobalSection(SolutionConfigurationPlatforms) = preSolution
		Debug|Any CPU = Debug|Any CPU
		Debug|ARM = Debug|ARM
		Debug|x64 = Debug|x64
		Debug|x86 = Debug|x86
		Release|Any CPU = Release|Any CPU
		Release|ARM = Release|ARM
		Release|x64 = Release|x64
		Release|x86 = Release|x86
	EndGlobalSection
	GlobalSection(ProjectConfigurationPlatforms) = postSolution
		{09965119-38F6-4441-A473-B86246B57719}.Debug|Any CPU.ActiveCfg = Debug|x86
		{09965119-38F6-4441-A473-B86246B57719}.Debug|ARM.ActiveCfg = Debug|ARM
		{09965119-38F6-4441-A473-B86246B57719}.Debug|ARM.Build.0 = Debug|ARM
		{09965119-38F6-4441-A473-B86246B57719}.Debug|ARM.Deploy.0 = Debug|ARM
		{09965119-38F6-4441-A473-B86246B57719}.Debug|x64.ActiveCfg = Debug|x64
		{09965119-38F6-4441-A473-B86246B57719}.Debug|x64.Build.0 = Debug|x64
		{09965119-38F6-4441-A473-B86246B57719}.Debug|x64.Deploy.0 = Debug|x64
		{09965119-38F6-4441-A473-B86246B57719}.Debug|x86.ActiveCfg = Debug|x86
		{09965119-38F6-4441-A473-B86246B57719}.Debug|x86.Build.0 = Debug|x86
		{09965119-38F6-4441-A473-B86246B57719}.Debug|x86.Deploy.0 = Debug|x86
		{09965119-38F6-4441-A473-B86246B57719}.Release|Any CPU.ActiveCfg = Release|x86
		{09965119-38F6-4441-A473-B86246B57719}.Release|ARM.ActiveCfg = Release|ARM
		{09965119-38F6-4441-A473-B86246B57719}.Release|ARM.Build.0 = Release|ARM
		{09965119-38F6-4441-A473-B86246B57719}.Release|ARM.Deploy.0 = Release|ARM
		{09965119-38F6-4441-A473-B86246B57719}.Release|x64.ActiveCfg = Release|x64
		{09965119-38F6-4441-A473-B86246B57719}.Release|x64.Build.0 = Release|x64
		{09965119-38F6-4441-A473-B86246B57719}.Release|x64.Deploy.0 = Release|x64
		{09965119-38F6-4441-A473-B86246B57719}.Release|x86.ActiveCfg = Release|x86
		{09965119-38F6-4441-A473-B86246B57719}.Release|x86.Build.0 = Release|x86
		{09965119-38F6-4441-A473-B86246B57719}.Release|x86.Deploy.0 = Release|x86
		{5850FDBC-1778-4107-A7DF-C3E331E4BA6E}.Debug|Any CPU.ActiveCfg = Debug|Any CPU
		{5850FDBC-1778-4107-A7DF-C3E331E4BA6E}.Debug|Any CPU.Build.0 = Debug|Any CPU
		{5850FDBC-1778-4107-A7DF-C3E331E4BA6E}.Debug|ARM.ActiveCfg = Debug|Any CPU
		{5850FDBC-1778-4107-A7DF-C3E331E4BA6E}.Debug|ARM.Build.0 = Debug|Any CPU
		{5850FDBC-1778-4107-A7DF-C3E331E4BA6E}.Debug|x64.ActiveCfg = Debug|Any CPU
		{5850FDBC-1778-4107-A7DF-C3E331E4BA6E}.Debug|x64.Build.0 = Debug|Any CPU
		{5850FDBC-1778-4107-A7DF-C3E331E4BA6E}.Debug|x86.ActiveCfg = Debug|Any CPU
		{5850FDBC-1778-4107-A7DF-C3E331E4BA6E}.Debug|x86.Build.0 = Debug|Any CPU
		{5850FDBC-1778-4107-A7DF-C3E331E4BA6E}.Release|Any CPU.ActiveCfg = Release|Any CPU
		{5850FDBC-1778-4107-A7DF-C3E331E4BA6E}.Release|Any CPU.Build.0 = Release|Any CPU
		{5850FDBC-1778-4107-A7DF-C3E331E4BA6E}.Release|ARM.ActiveCfg = Release|Any CPU
		{5850FDBC-1778-4107-A7DF-C3E331E4BA6E}.Release|ARM.Build.0 = Release|Any CPU
		{5850FDBC-1778-4107-A7DF-C3E331E4BA6E}.Release|x64.ActiveCfg = Release|Any CPU
		{5850FDBC-1778-4107-A7DF-C3E331E4BA6E}.Release|x64.Build.0 = Release|Any CPU
		{5850FDBC-1778-4107-A7DF-C3E331E4BA6E}.Release|x86.ActiveCfg = Release|Any CPU
		{5850FDBC-1778-4107-A7DF-C3E331E4BA6E}.Release|x86.Build.0 = Release|Any CPU
		{EFC538C3-4EF6-43B4-B49A-152E35563BDA}.Debug|Any CPU.ActiveCfg = Debug|Any CPU
		{EFC538C3-4EF6-43B4-B49A-152E35563BDA}.Debug|Any CPU.Build.0 = Debug|Any CPU
		{EFC538C3-4EF6-43B4-B49A-152E35563BDA}.Debug|ARM.ActiveCfg = Debug|Any CPU
		{EFC538C3-4EF6-43B4-B49A-152E35563BDA}.Debug|ARM.Build.0 = Debug|Any CPU
		{EFC538C3-4EF6-43B4-B49A-152E35563BDA}.Debug|x64.ActiveCfg = Debug|Any CPU
		{EFC538C3-4EF6-43B4-B49A-152E35563BDA}.Debug|x64.Build.0 = Debug|Any CPU
		{EFC538C3-4EF6-43B4-B49A-152E35563BDA}.Debug|x86.ActiveCfg = Debug|Any CPU
		{EFC538C3-4EF6-43B4-B49A-152E35563BDA}.Debug|x86.Build.0 = Debug|Any CPU
		{EFC538C3-4EF6-43B4-B49A-152E35563BDA}.Release|Any CPU.ActiveCfg = Release|Any CPU
		{EFC538C3-4EF6-43B4-B49A-152E35563BDA}.Release|Any CPU.Build.0 = Release|Any CPU
		{EFC538C3-4EF6-43B4-B49A-152E35563BDA}.Release|ARM.ActiveCfg = Release|Any CPU
		{EFC538C3-4EF6-43B4-B49A-152E35563BDA}.Release|ARM.Build.0 = Release|Any CPU
		{EFC538C3-4EF6-43B4-B49A-152E35563BDA}.Release|x64.ActiveCfg = Release|Any CPU
		{EFC538C3-4EF6-43B4-B49A-152E35563BDA}.Release|x64.Build.0 = Release|Any CPU
		{EFC538C3-4EF6-43B4-B49A-152E35563BDA}.Release|x86.ActiveCfg = Release|Any CPU
		{EFC538C3-4EF6-43B4-B49A-152E35563BDA}.Release|x86.Build.0 = Release|Any CPU
	EndGlobalSection
	GlobalSection(SolutionProperties) = preSolution
		HideSolutionNode = FALSE
	EndGlobalSection
EndGlobal
